
Microsoft Visual Studio Solution File, Format Version 12.00
# Visual Studio Version 17
VisualStudioVersion = 17.2.32526.322
MinimumVisualStudioVersion = 10.0.40219.1
Project("{FAE04EC0-301F-11D3-BF4B-00C04F79EFBC}") = "Mood_Analyser_Day20", "Mood_Analyser_Day20\Mood_Analyser_Day20.csproj", "{9EBA2E43-EF19-42C9-96D5-48F8170F602D}"
EndProject
Global
	GlobalSection(SolutionConfigurationPlatforms) = preSolution
		Debug|Any CPU = Debug|Any CPU
		Release|Any CPU = Release|Any CPU
	EndGlobalSection
	GlobalSection(ProjectConfigurationPlatforms) = postSolution
		{9EBA2E43-EF19-42C9-96D5-48F8170F602D}.Debug|Any CPU.ActiveCfg = Debug|Any CPU
		{9EBA2E43-EF19-42C9-96D5-48F8170F602D}.Debug|Any CPU.Build.0 = Debug|Any CPU
		{9EBA2E43-EF19-42C9-96D5-48F8170F602D}.Release|Any CPU.ActiveCfg = Release|Any CPU
		{9EBA2E43-EF19-42C9-96D5-48F8170F602D}.Release|Any CPU.Build.0 = Release|Any CPU
	EndGlobalSection
	GlobalSection(SolutionProperties) = preSolution
		HideSolutionNode = FALSE
	EndGlobalSection
	GlobalSection(ExtensibilityGlobals) = postSolution
		SolutionGuid = {79DCF3E0-8363-404A-B32C-BC7D38BA00FF}
	EndGlobalSection
EndGlobal
